
Microsoft Visual Studio Solution File, Format Version 12.00
# Visual Studio Version 17
VisualStudioVersion = 17.7.34221.43
MinimumVisualStudioVersion = 10.0.40219.1
Project("{FAE04EC0-301F-11D3-BF4B-00C04F79EFBC}") = "WpfApp1", "WpfApp1.csproj", "{7158BC23-B2C7-4371-AE1E-DA3C024912E1}"
EndProject
Global
	GlobalSection(SolutionConfigurationPlatforms) = preSolution
		Debug|Any CPU = Debug|Any CPU
		Release|Any CPU = Release|Any CPU
	EndGlobalSection
	GlobalSection(ProjectConfigurationPlatforms) = postSolution
		{7158BC23-B2C7-4371-AE1E-DA3C024912E1}.Debug|Any CPU.ActiveCfg = Debug|Any CPU
		{7158BC23-B2C7-4371-AE1E-DA3C024912E1}.Debug|Any CPU.Build.0 = Debug|Any CPU
		{7158BC23-B2C7-4371-AE1E-DA3C024912E1}.Release|Any CPU.ActiveCfg = Release|Any CPU
		{7158BC23-B2C7-4371-AE1E-DA3C024912E1}.Release|Any CPU.Build.0 = Release|Any CPU
	EndGlobalSection
	GlobalSection(SolutionProperties) = preSolution
		HideSolutionNode = FALSE
	EndGlobalSection
	GlobalSection(ExtensibilityGlobals) = postSolution
		SolutionGuid = {C32379D9-CB5B-446E-BA3D-5A032803A723}
	EndGlobalSection
EndGlobal
